
Microsoft Visual Studio Solution File, Format Version 12.00
# Visual Studio Version 16
VisualStudioVersion = 16.0.29306.81
MinimumVisualStudioVersion = 10.0.40219.1
Project("{9A19103F-16F7-4668-BE54-9A1E7A4F7556}") = "ShikimoriAPI", "Shikimori-API-NET\ShikimoriAPI.csproj", "{D9DC10AD-7E30-4D1E-8E49-EE5434A9B374}"
EndProject
Project("{9A19103F-16F7-4668-BE54-9A1E7A4F7556}") = "ShikimoriAPI.Tests", "Shikimori_API_NET.Tests\ShikimoriAPI.Tests.csproj", "{BC141945-320A-40B0-AB0C-2F8F94686B0E}"
EndProject
Global
	GlobalSection(SolutionConfigurationPlatforms) = preSolution
		Debug|Any CPU = Debug|Any CPU
		Release|Any CPU = Release|Any CPU
	EndGlobalSection
	GlobalSection(ProjectConfigurationPlatforms) = postSolution
		{D9DC10AD-7E30-4D1E-8E49-EE5434A9B374}.Debug|Any CPU.ActiveCfg = Debug|Any CPU
		{D9DC10AD-7E30-4D1E-8E49-EE5434A9B374}.Debug|Any CPU.Build.0 = Debug|Any CPU
		{D9DC10AD-7E30-4D1E-8E49-EE5434A9B374}.Release|Any CPU.ActiveCfg = Release|Any CPU
		{D9DC10AD-7E30-4D1E-8E49-EE5434A9B374}.Release|Any CPU.Build.0 = Release|Any CPU
		{BC141945-320A-40B0-AB0C-2F8F94686B0E}.Debug|Any CPU.ActiveCfg = Debug|Any CPU
		{BC141945-320A-40B0-AB0C-2F8F94686B0E}.Debug|Any CPU.Build.0 = Debug|Any CPU
		{BC141945-320A-40B0-AB0C-2F8F94686B0E}.Release|Any CPU.ActiveCfg = Release|Any CPU
		{BC141945-320A-40B0-AB0C-2F8F94686B0E}.Release|Any CPU.Build.0 = Release|Any CPU
	EndGlobalSection
	GlobalSection(SolutionProperties) = preSolution
		HideSolutionNode = FALSE
	EndGlobalSection
	GlobalSection(ExtensibilityGlobals) = postSolution
		SolutionGuid = {4CE0BA5E-A20B-4CE2-AB52-D561664DD77C}
	EndGlobalSection
EndGlobal
